<?xml version="1.0" encoding="utf-8"?>
<Project ToolsVersion="4.0" xmlns="http://schemas.microsoft.com/developer/msbuild/2003">
  <ItemGroup>
    <Filter Include="Source Files">
      <UniqueIdentifier>{4FC737F1-C7A5-4376-A066-2A32D752A2FF}</UniqueIdentifier>
      <Extensions>cpp;c;cc;cxx;def;odl;idl;hpj;bat;asm;asmx</Extensions>
    </Filter>
    <Filter Include="libgraphics">
      <UniqueIdentifier>{8ac9139e-f1dd-49f4-a9cd-d352bb894e0a}</UniqueIdentifier>
    </Filter>
    <Filter Include="simpleGUI">
      <UniqueIdentifier>{a3c51ff2-ad62-4656-8391-e5a54542c0d1}</UniqueIdentifier>
    </Filter>
    <Filter Include="appcode">
      <UniqueIdentifier>{fc2c97d9-ee97-4602-baf2-d97e0c123b40}</UniqueIdentifier>
    </Filter>
  </ItemGroup>
  <ItemGroup>
    <ClCompile Include="..\libgraphics\exceptio.c">
      <Filter>libgraphics</Filter>
    </ClCompile>
    <ClCompile Include="..\libgraphics\strlib.c">
      <Filter>libgraphics</Filter>
    </ClCompile>
    <ClCompile Include="..\libgraphics\genlib.c">
      <Filter>libgraphics</Filter>
    </ClCompile>
    <ClCompile Include="..\libgraphics\graphics.c">
      <Filter>libgraphics</Filter>
    </ClCompile>
    <ClCompile Include="..\libgraphics\random.c">
      <Filter>libgraphics</Filter>
    </ClCompile>
    <ClCompile Include="..\libgraphics\simpio.c">
      <Filter>libgraphics</Filter>
    </ClCompile>
    <ClCompile Include="..\simpleGUI\imgui.c">
      <Filter>simpleGUI</Filter>
    </ClCompile>
    <ClCompile Include="..\appcode\demo.c">
      <Filter>Source Files</Filter>
    </ClCompile>
    <ClCompile Include="..\appcode\linkedlist.c">
      <Filter>appcode</Filter>
    </ClCompile>
    <ClCompile Include="..\appcode\HSL2RGB.h">
      <Filter>appcode</Filter>
    </ClCompile>
    <ClCompile Include="..\appcode\loginpage.c">
      <Filter>appcode</Filter>
    </ClCompile>
    <ClCompile Include="..\appcode\icons.c">
      <Filter>appcode</Filter>
    </ClCompile>
    <ClCompile Include="..\appcode\initialfunction.c">
      <Filter>appcode</Filter>
    </ClCompile>
    <ClCompile Include="..\appcode\statusbar.c">
      <Filter>appcode</Filter>
    </ClCompile>
    <ClCompile Include="..\appcode\popupwindows.c">
      <Filter>appcode</Filter>
    </ClCompile>
    <ClCompile Include="..\appcode\bookmanagement.c">
      <Filter>appcode</Filter>
    </ClCompile>
    <ClCompile Include="..\appcode\myreservation.c">
      <Filter>appcode</Filter>
    </ClCompile>
    <ClCompile Include="..\appcode\myborrow.c">
      <Filter>appcode</Filter>
    </ClCompile>
    <ClCompile Include="..\appcode\checkreservation.c">
      <Filter>appcode</Filter>
    </ClCompile>
    <ClCompile Include="..\appcode\readermanagement.c">
      <Filter>appcode</Filter>
    </ClCompile>
  </ItemGroup>
  <ItemGroup>
    <ClInclude Include="..\libgraphics\exception.h">
      <Filter>libgraphics</Filter>
    </ClInclude>
    <ClInclude Include="..\libgraphics\strlib.h">
      <Filter>libgraphics</Filter>
    </ClInclude>
    <ClInclude Include="..\libgraphics\extgraph.h">
      <Filter>libgraphics</Filter>
    </ClInclude>
    <ClInclude Include="..\libgraphics\gcalloc.h">
      <Filter>libgraphics</Filter>
    </ClInclude>
    <ClInclude Include="..\libgraphics\genlib.h">
      <Filter>libgraphics</Filter>
    </ClInclude>
    <ClInclude Include="..\libgraphics\graphics.h">
      <Filter>libgraphics</Filter>
    </ClInclude>
    <ClInclude Include="..\libgraphics\random.h">
      <Filter>libgraphics</Filter>
    </ClInclude>
    <ClInclude Include="..\libgraphics\simpio.h">
      <Filter>libgraphics</Filter>
    </ClInclude>
    <ClInclude Include="..\simpleGUI\imgui.h">
      <Filter>simpleGUI</Filter>
    </ClInclude>
    <ClInclude Include="..\appcode\linkedlist.h">
      <Filter>appcode</Filter>
    </ClInclude>
    <ClInclude Include="..\appcode\demo.h">
      <Filter>appcode</Filter>
    </ClInclude>
    <ClInclude Include="..\appcode\loginpage.h">
      <Filter>appcode</Filter>
    </ClInclude>
    <ClInclude Include="..\appcode\global.h">
      <Filter>appcode</Filter>
    </ClInclude>
    <ClInclude Include="..\appcode\icons.h">
      <Filter>appcode</Filter>
    </ClInclude>
    <ClInclude Include="..\appcode\initialfunction.h">
      <Filter>appcode</Filter>
    </ClInclude>
    <ClInclude Include="..\appcode\statusbar.h">
      <Filter>appcode</Filter>
    </ClInclude>
    <ClInclude Include="..\appcode\popupwindows.h">
      <Filter>appcode</Filter>
    </ClInclude>
    <ClInclude Include="..\appcode\bookmanagement.h">
      <Filter>appcode</Filter>
    </ClInclude>
    <ClInclude Include="..\appcode\myreservation.h">
      <Filter>appcode</Filter>
    </ClInclude>
    <ClInclude Include="..\appcode\myborrow.h">
      <Filter>appcode</Filter>
    </ClInclude>
    <ClInclude Include="..\appcode\checkreservation.h">
      <Filter>appcode</Filter>
    </ClInclude>
    <ClInclude Include="..\appcode\readermanagement.h">
      <Filter>appcode</Filter>
    </ClInclude>
  </ItemGroup>
</Project>